
Microsoft Visual Studio Solution File, Format Version 12.00
# Visual Studio Version 16
VisualStudioVersion = 16.0.34601.136
MinimumVisualStudioVersion = 10.0.40219.1
Project("{FAE04EC0-301F-11D3-BF4B-00C04F79EFBC}") = "WCFStudClient", "WCFStudClient\WCFStudClient.csproj", "{71332EB5-E413-43F5-B35D-1C5EEF2995F9}"
EndProject
Global
	GlobalSection(SolutionConfigurationPlatforms) = preSolution
		Debug|Any CPU = Debug|Any CPU
		Release|Any CPU = Release|Any CPU
	EndGlobalSection
	GlobalSection(ProjectConfigurationPlatforms) = postSolution
		{71332EB5-E413-43F5-B35D-1C5EEF2995F9}.Debug|Any CPU.ActiveCfg = Debug|Any CPU
		{71332EB5-E413-43F5-B35D-1C5EEF2995F9}.Debug|Any CPU.Build.0 = Debug|Any CPU
		{71332EB5-E413-43F5-B35D-1C5EEF2995F9}.Release|Any CPU.ActiveCfg = Release|Any CPU
		{71332EB5-E413-43F5-B35D-1C5EEF2995F9}.Release|Any CPU.Build.0 = Release|Any CPU
	EndGlobalSection
	GlobalSection(SolutionProperties) = preSolution
		HideSolutionNode = FALSE
	EndGlobalSection
	GlobalSection(ExtensibilityGlobals) = postSolution
		SolutionGuid = {85C20997-8149-42F7-B3A9-375CC485D9A8}
	EndGlobalSection
EndGlobal
